uuid: 2a8f53ab-125f-43eb-9e83-f458e23b31cb
langcode: en
status: true
dependencies:
  content:
    - 'block_content:markup:8da42d63-3b21-48e4-ac56-1de01eee7c00'
  module:
    - block_content
  theme:
    - the
id: the_newslettersignupblock
theme: the
region: footer
weight: 0
provider: null
plugin: 'block_content:8da42d63-3b21-48e4-ac56-1de01eee7c00'
settings:
  id: 'block_content:8da42d63-3b21-48e4-ac56-1de01eee7c00'
  label: 'Newsletter signup block'
  label_display: '0'
  provider: block_content
  status: true
  info: ''
  view_mode: full
visibility: {  }
