uuid: 2fd1f481-90ba-4ea3-9deb-72d5ac980e7e
langcode: de
status: true
dependencies:
  module:
    - ak_theme
    - system
  theme:
    - ak
id: akexhibitionyearsblock
theme: ak
region: content
weight: -7
provider: null
plugin: ak_theme_exhibition_years
settings:
  id: ak_theme_exhibition_years
  label: 'AK Exhibition Years Block'
  label_display: '0'
  provider: ak_theme
visibility:
  request_path:
    id: request_path
    negate: false
    pages: "/archive/*\r\n/archiv/*\r\n/archive\r\n/archiv"
